
Microsoft Visual Studio Solution File, Format Version 12.00
# Visual Studio Version 17
VisualStudioVersion = 17.4.33205.214
MinimumVisualStudioVersion = 10.0.40219.1
Project("{FAE04EC0-301F-11D3-BF4B-00C04F79EFBC}") = "AulaBD_FatecItu", "AulaBD_FatecItu\AulaBD_FatecItu.csproj", "{6F15F6DB-F6D0-40FC-AB3C-22DAAB227835}"
EndProject
Global
	GlobalSection(SolutionConfigurationPlatforms) = preSolution
		Debug|Any CPU = Debug|Any CPU
		Release|Any CPU = Release|Any CPU
	EndGlobalSection
	GlobalSection(ProjectConfigurationPlatforms) = postSolution
		{6F15F6DB-F6D0-40FC-AB3C-22DAAB227835}.Debug|Any CPU.ActiveCfg = Debug|Any CPU
		{6F15F6DB-F6D0-40FC-AB3C-22DAAB227835}.Debug|Any CPU.Build.0 = Debug|Any CPU
		{6F15F6DB-F6D0-40FC-AB3C-22DAAB227835}.Release|Any CPU.ActiveCfg = Release|Any CPU
		{6F15F6DB-F6D0-40FC-AB3C-22DAAB227835}.Release|Any CPU.Build.0 = Release|Any CPU
	EndGlobalSection
	GlobalSection(SolutionProperties) = preSolution
		HideSolutionNode = FALSE
	EndGlobalSection
	GlobalSection(ExtensibilityGlobals) = postSolution
		SolutionGuid = {E6A58F7C-B790-4491-B32E-CE458947B0F8}
	EndGlobalSection
EndGlobal
